
Microsoft Visual Studio Solution File, Format Version 12.00
# Visual Studio Version 16
VisualStudioVersion = 16.0.30330.147
MinimumVisualStudioVersion = 10.0.40219.1
Project("{FAE04EC0-301F-11D3-BF4B-00C04F79EFBC}") = "Decker.Client", "Decker.Client\Decker.Client.csproj", "{EC1CD610-BA11-49F1-849C-14390D036D01}"
EndProject
Global
	GlobalSection(SolutionConfigurationPlatforms) = preSolution
		Debug|Any CPU = Debug|Any CPU
		Release|Any CPU = Release|Any CPU
	EndGlobalSection
	GlobalSection(ProjectConfigurationPlatforms) = postSolution
		{EC1CD610-BA11-49F1-849C-14390D036D01}.Debug|Any CPU.ActiveCfg = Debug|Any CPU
		{EC1CD610-BA11-49F1-849C-14390D036D01}.Debug|Any CPU.Build.0 = Debug|Any CPU
		{EC1CD610-BA11-49F1-849C-14390D036D01}.Release|Any CPU.ActiveCfg = Release|Any CPU
		{EC1CD610-BA11-49F1-849C-14390D036D01}.Release|Any CPU.Build.0 = Release|Any CPU
	EndGlobalSection
	GlobalSection(SolutionProperties) = preSolution
		HideSolutionNode = FALSE
	EndGlobalSection
	GlobalSection(ExtensibilityGlobals) = postSolution
		SolutionGuid = {19017F31-3118-4DDC-80BF-111663A9B125}
	EndGlobalSection
EndGlobal
